github.com/CannibalVox/cgoparam v1.1.0 h1:6UDDhOpT06csFE2vkcanXsIJmebMc9o+6Vzhvi4i0wY=
github.com/CannibalVox/cgoparam v1.1.0/go.mod h1:9LDFLuHVgE+IIBDd1QFN3dPqmGQN9bS6H+NPizMv2fA=
github.com/google/uuid v1.6.0 h1:NIvaJDMOsjHA8n1jAhLSgzrAzy1Hgr+hNrb57e+94F0=
github.com/google/uuid v1.6.0/go.mod h1:TIyPZe4MgqvfeYDBFedMoGGpEw/LqOeaOT+nhxU+yHo=
github.com/pkg/errors v0.9.1 h1:FEBLx1zS214owpjy7qsBeixbURkuhQAwrK5UwLGTwt4=
github.com/pkg/errors v0.9.1/go.mod h1:bwawxfHBFNV+L2hUp1rHADufV3IMtnDRdf1r5NINEl0=
github.com/veandco/go-sdl2 v0.4.40 h1:fZv6wC3zz1Xt167P09gazawnpa0KY5LM7JAvKpX9d/U=
github.com/veandco/go-sdl2 v0.4.40/go.mod h1:OROqMhHD43nT4/i9crJukyVecjPNYYuCofep6SNiAjY=
github.com/vkngwrapper/core/v3 v3.1.0 h1:83bduaXhQurMTxaro+2/fJQLRX+8t2UmQMyAUlF7xwM=
github.com/vkngwrapper/core/v3 v3.1.0/go.mod h1:lIcOUaI3UePxmy+LW29EqmozCaVKF+r+pncbtx36qO4=
github.com/vkngwrapper/core/v3 v3.1.1/go.mod h1:lIcOUaI3UePxmy+LW29EqmozCaVKF+r+pncbtx36qO4=
github.com/vkngwrapper/extensions/v3 v3.1.0 h1:M2em9FJ8imJtf3QR4cfgsSdRpW05mo4ZhQ7EZFW/ytU=
github.com/vkngwrapper/extensions/v3 v3.1.0/go.mod h1:OIyRDZuaBJLwgf9f/6qcoKcbF5DlB35kNG/h79poG4A=
github.com/vkngwrapper/extensions/v3 v3.2.0 h1:HQDpehdH0LD8szt0CoLWhJDwL/UAQMy8RkzthABc3AA=
github.com/vkngwrapper/extensions/v3 v3.2.0/go.mod h1:OIyRDZuaBJLwgf9f/6qcoKcbF5DlB35kNG/h79poG4A=
github.com/vkngwrapper/extensions/v3 v3.3.0 h1:STsbRIgMP/A4Qbxq62pktn4DJDcke6Yfw4H88WN/Alw=
github.com/vkngwrapper/extensions/v3 v3.3.0/go.mod h1:JriYb+wGHsYCWbmZsSqcMmwEYuTIwsRSVdJWQ0fFgdw=
github.com/vkngwrapper/math v1.2.0 h1:R9s8nLi2FiwAZoueLNyPO+5SAo5CBE0ZC6fDsUKI2WI=
github.com/vkngwrapper/math v1.2.0/go.mod h1:jsEgeEYfl52z95Xht8ODmVxWk4SdgdTznLoOWF3BekA=
golang.org/x/sys v0.40.0 h1:DBZZqJ2Rkml6QMQsZywtnjnnGvHza6BTfYFWY9kjEWQ=
golang.org/x/sys v0.40.0/go.mod h1:OgkHotnGiDImocRcuBABYBEXf8A9a87e/uXjp9XT3ks=
